
Microsoft Visual Studio Solution File, Format Version 12.00
# Visual Studio Version 17
VisualStudioVersion = 17.3.32929.385
MinimumVisualStudioVersion = 10.0.40219.1
Project("{FAE04EC0-301F-11D3-BF4B-00C04F79EFBC}") = "EjemploClaseDAM2", "EjemploClaseDAM2\EjemploClaseDAM2.csproj", "{D7726D5B-13FD-43BE-96E6-3AD17AA44CEB}"
EndProject
Global
	GlobalSection(SolutionConfigurationPlatforms) = preSolution
		Debug|Any CPU = Debug|Any CPU
		Release|Any CPU = Release|Any CPU
	EndGlobalSection
	GlobalSection(ProjectConfigurationPlatforms) = postSolution
		{D7726D5B-13FD-43BE-96E6-3AD17AA44CEB}.Debug|Any CPU.ActiveCfg = Debug|Any CPU
		{D7726D5B-13FD-43BE-96E6-3AD17AA44CEB}.Debug|Any CPU.Build.0 = Debug|Any CPU
		{D7726D5B-13FD-43BE-96E6-3AD17AA44CEB}.Release|Any CPU.ActiveCfg = Release|Any CPU
		{D7726D5B-13FD-43BE-96E6-3AD17AA44CEB}.Release|Any CPU.Build.0 = Release|Any CPU
	EndGlobalSection
	GlobalSection(SolutionProperties) = preSolution
		HideSolutionNode = FALSE
	EndGlobalSection
	GlobalSection(ExtensibilityGlobals) = postSolution
		SolutionGuid = {A7C8C6AC-3B9F-4AB1-8185-867EDF7361D3}
	EndGlobalSection
EndGlobal
